// !$*UTF8*$!
{
	archiveVersion = 1;
	classes = {
	};
	objectVersion = 56;
	objects = {

/* Begin PBXBuildFile section */
		D01506732A0BDE6B00FD8C4E /* AppDelegate.swift in Sources */ = {isa = PBXBuildFile; fileRef = D01506722A0BDE6B00FD8C4E /* AppDelegate.swift */; };
		D01506752A0BDE6B00FD8C4E /* SceneDelegate.swift in Sources */ = {isa = PBXBuildFile; fileRef = D01506742A0BDE6B00FD8C4E /* SceneDelegate.swift */; };
		D01506772A0BDE6B00FD8C4E /* StartViewController.swift in Sources */ = {isa = PBXBuildFile; fileRef = D01506762A0BDE6B00FD8C4E /* StartViewController.swift */; };
		D015067C2A0BDE6C00FD8C4E /* Assets.xcassets in Resources */ = {isa = PBXBuildFile; fileRef = D015067B2A0BDE6C00FD8C4E /* Assets.xcassets */; };
		D015067F2A0BDE6C00FD8C4E /* LaunchScreen.storyboard in Resources */ = {isa = PBXBuildFile; fileRef = D015067D2A0BDE6C00FD8C4E /* LaunchScreen.storyboard */; };
		D01506882A0C632800FD8C4E /* BaseViewController.swift in Sources */ = {isa = PBXBuildFile; fileRef = D01506872A0C632800FD8C4E /* BaseViewController.swift */; };
		D015068F2A0CAE6500FD8C4E /* Then in Frameworks */ = {isa = PBXBuildFile; productRef = D015068E2A0CAE6500FD8C4E /* Then */; };
		D01506922A0CAE7500FD8C4E /* SnapKit in Frameworks */ = {isa = PBXBuildFile; productRef = D01506912A0CAE7500FD8C4E /* SnapKit */; };
		D01CC9492A0DE75700493198 /* UIView+addSubViews.swift in Sources */ = {isa = PBXBuildFile; fileRef = D01CC9482A0DE75700493198 /* UIView+addSubViews.swift */; };
/* End PBXBuildFile section */

/* Begin PBXFileReference section */
		D015066F2A0BDE6B00FD8C4E /* Hiv2.app */ = {isa = PBXFileReference; explicitFileType = wrapper.application; includeInIndex = 0; path = Hiv2.app; sourceTree = BUILT_PRODUCTS_DIR; };
		D01506722A0BDE6B00FD8C4E /* AppDelegate.swift */ = {isa = PBXFileReference; lastKnownFileType = sourcecode.swift; path = AppDelegate.swift; sourceTree = "<group>"; };
		D01506742A0BDE6B00FD8C4E /* SceneDelegate.swift */ = {isa = PBXFileReference; lastKnownFileType = sourcecode.swift; path = SceneDelegate.swift; sourceTree = "<group>"; };
		D01506762A0BDE6B00FD8C4E /* StartViewController.swift */ = {isa = PBXFileReference; lastKnownFileType = sourcecode.swift; path = StartViewController.swift; sourceTree = "<group>"; };
		D015067B2A0BDE6C00FD8C4E /* Assets.xcassets */ = {isa = PBXFileReference; lastKnownFileType = folder.assetcatalog; path = Assets.xcassets; sourceTree = "<group>"; };
		D015067E2A0BDE6C00FD8C4E /* Base */ = {isa = PBXFileReference; lastKnownFileType = file.storyboard; name = Base; path = Base.lproj/LaunchScreen.storyboard; sourceTree = "<group>"; };
		D01506802A0BDE6C00FD8C4E /* Info.plist */ = {isa = PBXFileReference; lastKnownFileType = text.plist.xml; path = Info.plist; sourceTree = "<group>"; };
		D01506872A0C632800FD8C4E /* BaseViewController.swift */ = {isa = PBXFileReference; lastKnownFileType = sourcecode.swift; path = BaseViewController.swift; sourceTree = "<group>"; };
		D01CC9482A0DE75700493198 /* UIView+addSubViews.swift */ = {isa = PBXFileReference; lastKnownFileType = sourcecode.swift; path = "UIView+addSubViews.swift"; sourceTree = "<group>"; };
/* End PBXFileReference section */

/* Begin PBXFrameworksBuildPhase section */
		D015066C2A0BDE6B00FD8C4E /* Frameworks */ = {
			isa = PBXFrameworksBuildPhase;
			buildActionMask = 2147483647;
			files = (
				D015068F2A0CAE6500FD8C4E /* Then in Frameworks */,
				D01506922A0CAE7500FD8C4E /* SnapKit in Frameworks */,
			);
			runOnlyForDeploymentPostprocessing = 0;
		};
/* End PBXFrameworksBuildPhase section */

/* Begin PBXGroup section */
		D01506662A0BDE6B00FD8C4E = {
			isa = PBXGroup;
			children = (
				D01506712A0BDE6B00FD8C4E /* Hiv2 */,
				D01506702A0BDE6B00FD8C4E /* Products */,
			);
			sourceTree = "<group>";
		};
		D01506702A0BDE6B00FD8C4E /* Products */ = {
			isa = PBXGroup;
			children = (
				D015066F2A0BDE6B00FD8C4E /* Hiv2.app */,
			);
			name = Products;
			sourceTree = "<group>";
		};
		D01506712A0BDE6B00FD8C4E /* Hiv2 */ = {
			isa = PBXGroup;
			children = (
				D015068C2A0CA95900FD8C4E /* Sources */,
				D01506892A0C7BF100FD8C4E /* Resources */,
				D01506802A0BDE6C00FD8C4E /* Info.plist */,
			);
			path = Hiv2;
			sourceTree = "<group>";
		};
		D01506892A0C7BF100FD8C4E /* Resources */ = {
			isa = PBXGroup;
			children = (
				D015067B2A0BDE6C00FD8C4E /* Assets.xcassets */,
				D015067D2A0BDE6C00FD8C4E /* LaunchScreen.storyboard */,
			);
			path = Resources;
			sourceTree = "<group>";
		};
		D015068A2A0CA93300FD8C4E /* ViewControllers */ = {
			isa = PBXGroup;
			children = (
				D01506762A0BDE6B00FD8C4E /* StartViewController.swift */,
			);
			path = ViewControllers;
			sourceTree = "<group>";
		};
		D015068C2A0CA95900FD8C4E /* Sources */ = {
			isa = PBXGroup;
			children = (
				D01CC9472A0DE43D00493198 /* Extensions */,
				D01506742A0BDE6B00FD8C4E /* SceneDelegate.swift */,
				D01506722A0BDE6B00FD8C4E /* AppDelegate.swift */,
				D01506932A0CB6EE00FD8C4E /* Base */,
				D015068A2A0CA93300FD8C4E /* ViewControllers */,
			);
			path = Sources;
			sourceTree = "<group>";
		};
		D01506932A0CB6EE00FD8C4E /* Base */ = {
			isa = PBXGroup;
			children = (
				D01506872A0C632800FD8C4E /* BaseViewController.swift */,
			);
			path = Base;
			sourceTree = "<group>";
		};
		D01CC9472A0DE43D00493198 /* Extensions */ = {
			isa = PBXGroup;
			children = (
				D01CC9482A0DE75700493198 /* UIView+addSubViews.swift */,
			);
			path = Extensions;
			sourceTree = "<group>";
		};
/* End PBXGroup section */

/* Begin PBXNativeTarget section */
		D015066E2A0BDE6B00FD8C4E /* Hiv2 */ = {
			isa = PBXNativeTarget;
			buildConfigurationList = D01506832A0BDE6C00FD8C4E /* Build configuration list for PBXNativeTarget "Hiv2" */;
			buildPhases = (
				D015066B2A0BDE6B00FD8C4E /* Sources */,
				D015066C2A0BDE6B00FD8C4E /* Frameworks */,
				D015066D2A0BDE6B00FD8C4E /* Resources */,
			);
			buildRules = (
			);
			dependencies = (
			);
			name = Hiv2;
			packageProductDependencies = (
				D015068E2A0CAE6500FD8C4E /* Then */,
				D01506912A0CAE7500FD8C4E /* SnapKit */,
			);
			productName = Hiv2;
			productReference = D015066F2A0BDE6B00FD8C4E /* Hiv2.app */;
			productType = "com.apple.product-type.application";
		};
/* End PBXNativeTarget section */

/* Begin PBXProject section */
		D01506672A0BDE6B00FD8C4E /* Project object */ = {
			isa = PBXProject;
			attributes = {
				BuildIndependentTargetsInParallel = 1;
				LastSwiftUpdateCheck = 1430;
				LastUpgradeCheck = 1430;
				TargetAttributes = {
					D015066E2A0BDE6B00FD8C4E = {
						CreatedOnToolsVersion = 14.3;
					};
				};
			};
			buildConfigurationList = D015066A2A0BDE6B00FD8C4E /* Build configuration list for PBXProject "Hiv2" */;
			compatibilityVersion = "Xcode 14.0";
			developmentRegion = en;
			hasScannedForEncodings = 0;
			knownRegions = (
				en,
				Base,
			);
			mainGroup = D01506662A0BDE6B00FD8C4E;
			packageReferences = (
				D015068D2A0CAE6500FD8C4E /* XCRemoteSwiftPackageReference "Then" */,
				D01506902A0CAE7500FD8C4E /* XCRemoteSwiftPackageReference "SnapKit" */,
			);
			productRefGroup = D01506702A0BDE6B00FD8C4E /* Products */;
			projectDirPath = "";
			projectRoot = "";
			targets = (
				D015066E2A0BDE6B00FD8C4E /* Hiv2 */,
			);
		};
/* End PBXProject section */

/* Begin PBXResourcesBuildPhase section */
		D015066D2A0BDE6B00FD8C4E /* Resources */ = {
			isa = PBXResourcesBuildPhase;
			buildActionMask = 2147483647;
			files = (
				D015067F2A0BDE6C00FD8C4E /* LaunchScreen.storyboard in Resources */,
				D015067C2A0BDE6C00FD8C4E /* Assets.xcassets in Resources */,
			);
			runOnlyForDeploymentPostprocessing = 0;
		};
/* End PBXResourcesBuildPhase section */

/* Begin PBXSourcesBuildPhase section */
		D015066B2A0BDE6B00FD8C4E /* Sources */ = {
			isa = PBXSourcesBuildPhase;
			buildActionMask = 2147483647;
			files = (
				D01506772A0BDE6B00FD8C4E /* StartViewController.swift in Sources */,
				D01506882A0C632800FD8C4E /* BaseViewController.swift in Sources */,
				D01506732A0BDE6B00FD8C4E /* AppDelegate.swift in Sources */,
				D01506752A0BDE6B00FD8C4E /* SceneDelegate.swift in Sources */,
				D01CC9492A0DE75700493198 /* UIView+addSubViews.swift in Sources */,
			);
			runOnlyForDeploymentPostprocessing = 0;
		};
/* End PBXSourcesBuildPhase section */

/* Begin PBXVariantGroup section */
		D015067D2A0BDE6C00FD8C4E /* LaunchScreen.storyboard */ = {
			isa = PBXVariantGroup;
			children = (
				D015067E2A0BDE6C00FD8C4E /* Base */,
			);
			name = LaunchScreen.storyboard;
			sourceTree = "<group>";
		};
/* End PBXVariantGroup section */

/* Begin XCBuildConfiguration section */
		D01506812A0BDE6C00FD8C4E /* Debug */ = {
			isa = XCBuildConfiguration;
			buildSettings = {
				ALWAYS_SEARCH_USER_PATHS = NO;
				CLANG_ANALYZER_NONNULL = YES;
				CLANG_ANALYZER_NUMBER_OBJECT_CONVERSION = YES_AGGRESSIVE;
				CLANG_CXX_LANGUAGE_STANDARD = "gnu++20";
				CLANG_ENABLE_MODULES = YES;
				CLANG_ENABLE_OBJC_ARC = YES;
				CLANG_ENABLE_OBJC_WEAK = YES;
				CLANG_WARN_BLOCK_CAPTURE_AUTORELEASING = YES;
				CLANG_WARN_BOOL_CONVERSION = YES;
				CLANG_WARN_COMMA = YES;
				CLANG_WARN_CONSTANT_CONVERSION = YES;
				CLANG_WARN_DEPRECATED_OBJC_IMPLEMENTATIONS = YES;
				CLANG_WARN_DIRECT_OBJC_ISA_USAGE = YES_ERROR;
				CLANG_WARN_DOCUMENTATION_COMMENTS = YES;
				CLANG_WARN_EMPTY_BODY = YES;
				CLANG_WARN_ENUM_CONVERSION = YES;
				CLANG_WARN_INFINITE_RECURSION = YES;
				CLANG_WARN_INT_CONVERSION = YES;
				CLANG_WARN_NON_LITERAL_NULL_CONVERSION = YES;
				CLANG_WARN_OBJC_IMPLICIT_RETAIN_SELF = YES;
				CLANG_WARN_OBJC_LITERAL_CONVERSION = YES;
				CLANG_WARN_OBJC_ROOT_CLASS = YES_ERROR;
				CLANG_WARN_QUOTED_INCLUDE_IN_FRAMEWORK_HEADER = YES;
				CLANG_WARN_RANGE_LOOP_ANALYSIS = YES;
				CLANG_WARN_STRICT_PROTOTYPES = YES;
				CLANG_WARN_SUSPICIOUS_MOVE = YES;
				CLANG_WARN_UNGUARDED_AVAILABILITY = YES_AGGRESSIVE;
				CLANG_WARN_UNREACHABLE_CODE = YES;
				CLANG_WARN__DUPLICATE_METHOD_MATCH = YES;
				COPY_PHASE_STRIP = NO;
				DEBUG_INFORMATION_FORMAT = dwarf;
				ENABLE_STRICT_OBJC_MSGSEND = YES;
				ENABLE_TESTABILITY = YES;
				GCC_C_LANGUAGE_STANDARD = gnu11;
				GCC_DYNAMIC_NO_PIC = NO;
				GCC_NO_COMMON_BLOCKS = YES;
				GCC_OPTIMIZATION_LEVEL = 0;
				GCC_PREPROCESSOR_DEFINITIONS = (
					"DEBUG=1",
					"$(inherited)",
				);
				GCC_WARN_64_TO_32_BIT_CONVERSION = YES;
				GCC_WARN_ABOUT_RETURN_TYPE = YES_ERROR;
				GCC_WARN_UNDECLARED_SELECTOR = YES;
				GCC_WARN_UNINITIALIZED_AUTOS = YES_AGGRESSIVE;
				GCC_WARN_UNUSED_FUNCTION = YES;
				GCC_WARN_UNUSED_VARIABLE = YES;
				IPHONEOS_DEPLOYMENT_TARGET = 16.4;
				MTL_ENABLE_DEBUG_INFO = INCLUDE_SOURCE;
				MTL_FAST_MATH = YES;
				ONLY_ACTIVE_ARCH = YES;
				SDKROOT = iphoneos;
				SWIFT_ACTIVE_COMPILATION_CONDITIONS = DEBUG;
				SWIFT_OPTIMIZATION_LEVEL = "-Onone";
			};
			name = Debug;
		};
		D01506822A0BDE6C00FD8C4E /* Release */ = {
			isa = XCBuildConfiguration;
			buildSettings = {
				ALWAYS_SEARCH_USER_PATHS = NO;
				CLANG_ANALYZER_NONNULL = YES;
				CLANG_ANALYZER_NUMBER_OBJECT_CONVERSION = YES_AGGRESSIVE;
				CLANG_CXX_LANGUAGE_STANDARD = "gnu++20";
				CLANG_ENABLE_MODULES = YES;
				CLANG_ENABLE_OBJC_ARC = YES;
				CLANG_ENABLE_OBJC_WEAK = YES;
				CLANG_WARN_BLOCK_CAPTURE_AUTORELEASING = YES;
				CLANG_WARN_BOOL_CONVERSION = YES;
				CLANG_WARN_COMMA = YES;
				CLANG_WARN_CONSTANT_CONVERSION = YES;
				CLANG_WARN_DEPRECATED_OBJC_IMPLEMENTATIONS = YES;
				CLANG_WARN_DIRECT_OBJC_ISA_USAGE = YES_ERROR;
				CLANG_WARN_DOCUMENTATION_COMMENTS = YES;
				CLANG_WARN_EMPTY_BODY = YES;
				CLANG_WARN_ENUM_CONVERSION = YES;
				CLANG_WARN_INFINITE_RECURSION = YES;
				CLANG_WARN_INT_CONVERSION = YES;
				CLANG_WARN_NON_LITERAL_NULL_CONVERSION = YES;
				CLANG_WARN_OBJC_IMPLICIT_RETAIN_SELF = YES;
				CLANG_WARN_OBJC_LITERAL_CONVERSION = YES;
				CLANG_WARN_OBJC_ROOT_CLASS = YES_ERROR;
				CLANG_WARN_QUOTED_INCLUDE_IN_FRAMEWORK_HEADER = YES;
				CLANG_WARN_RANGE_LOOP_ANALYSIS = YES;
				CLANG_WARN_STRICT_PROTOTYPES = YES;
				CLANG_WARN_SUSPICIOUS_MOVE = YES;
				CLANG_WARN_UNGUARDED_AVAILABILITY = YES_AGGRESSIVE;
				CLANG_WARN_UNREACHABLE_CODE = YES;
				CLANG_WARN__DUPLICATE_METHOD_MATCH = YES;
				COPY_PHASE_STRIP = NO;
				DEBUG_INFORMATION_FORMAT = "dwarf-with-dsym";
				ENABLE_NS_ASSERTIONS = NO;
				ENABLE_STRICT_OBJC_MSGSEND = YES;
				GCC_C_LANGUAGE_STANDARD = gnu11;
				GCC_NO_COMMON_BLOCKS = YES;
				GCC_WARN_64_TO_32_BIT_CONVERSION = YES;
				GCC_WARN_ABOUT_RETURN_TYPE = YES_ERROR;
				GCC_WARN_UNDECLARED_SELECTOR = YES;
				GCC_WARN_UNINITIALIZED_AUTOS = YES_AGGRESSIVE;
				GCC_WARN_UNUSED_FUNCTION = YES;
				GCC_WARN_UNUSED_VARIABLE = YES;
				IPHONEOS_DEPLOYMENT_TARGET = 16.4;
				MTL_ENABLE_DEBUG_INFO = NO;
				MTL_FAST_MATH = YES;
				SDKROOT = iphoneos;
				SWIFT_COMPILATION_MODE = wholemodule;
				SWIFT_OPTIMIZATION_LEVEL = "-O";
				VALIDATE_PRODUCT = YES;
			};
			name = Release;
		};
		D01506842A0BDE6C00FD8C4E /* Debug */ = {
			isa = XCBuildConfiguration;
			buildSettings = {
				ASSETCATALOG_COMPILER_APPICON_NAME = AppIcon;
				ASSETCATALOG_COMPILER_GLOBAL_ACCENT_COLOR_NAME = AccentColor;
				CODE_SIGN_STYLE = Automatic;
				CURRENT_PROJECT_VERSION = 1;
				DEVELOPMENT_TEAM = FHST2C78H4;
				GENERATE_INFOPLIST_FILE = YES;
				INFOPLIST_FILE = Hiv2/Info.plist;
				INFOPLIST_KEY_UIApplicationSupportsIndirectInputEvents = YES;
				INFOPLIST_KEY_UILaunchStoryboardName = LaunchScreen;
				INFOPLIST_KEY_UIMainStoryboardFile = Main;
				INFOPLIST_KEY_UISupportedInterfaceOrientations_iPad = "UIInterfaceOrientationPortrait UIInterfaceOrientationPortraitUpsideDown UIInterfaceOrientationLandscapeLeft UIInterfaceOrientationLandscapeRight";
				INFOPLIST_KEY_UISupportedInterfaceOrientations_iPhone = "UIInterfaceOrientationPortrait UIInterfaceOrientationLandscapeLeft UIInterfaceOrientationLandscapeRight";
				LD_RUNPATH_SEARCH_PATHS = (
					"$(inherited)",
					"@executable_path/Frameworks",
				);
				MARKETING_VERSION = 1.0;
				PRODUCT_BUNDLE_IDENTIFIER = yoonseo.Hiv2;
				PRODUCT_NAME = "$(TARGET_NAME)";
				SWIFT_EMIT_LOC_STRINGS = YES;
				SWIFT_VERSION = 5.0;
				TARGETED_DEVICE_FAMILY = "1,2";
			};
			name = Debug;
		};
		D01506852A0BDE6C00FD8C4E /* Release */ = {
			isa = XCBuildConfiguration;
			buildSettings = {
				ASSETCATALOG_COMPILER_APPICON_NAME = AppIcon;
				ASSETCATALOG_COMPILER_GLOBAL_ACCENT_COLOR_NAME = AccentColor;
				CODE_SIGN_STYLE = Automatic;
				CURRENT_PROJECT_VERSION = 1;
				DEVELOPMENT_TEAM = FHST2C78H4;
				GENERATE_INFOPLIST_FILE = YES;
				INFOPLIST_FILE = Hiv2/Info.plist;
				INFOPLIST_KEY_UIApplicationSupportsIndirectInputEvents = YES;
				INFOPLIST_KEY_UILaunchStoryboardName = LaunchScreen;
				INFOPLIST_KEY_UIMainStoryboardFile = Main;
				INFOPLIST_KEY_UISupportedInterfaceOrientations_iPad = "UIInterfaceOrientationPortrait UIInterfaceOrientationPortraitUpsideDown UIInterfaceOrientationLandscapeLeft UIInterfaceOrientationLandscapeRight";
				INFOPLIST_KEY_UISupportedInterfaceOrientations_iPhone = "UIInterfaceOrientationPortrait UIInterfaceOrientationLandscapeLeft UIInterfaceOrientationLandscapeRight";
				LD_RUNPATH_SEARCH_PATHS = (
					"$(inherited)",
					"@executable_path/Frameworks",
				);
				MARKETING_VERSION = 1.0;
				PRODUCT_BUNDLE_IDENTIFIER = yoonseo.Hiv2;
				PRODUCT_NAME = "$(TARGET_NAME)";
				SWIFT_EMIT_LOC_STRINGS = YES;
				SWIFT_VERSION = 5.0;
				TARGETED_DEVICE_FAMILY = "1,2";
			};
			name = Release;
		};
/* End XCBuildConfiguration section */

/* Begin XCConfigurationList section */
		D015066A2A0BDE6B00FD8C4E /* Build configuration list for PBXProject "Hiv2" */ = {
			isa = XCConfigurationList;
			buildConfigurations = (
				D01506812A0BDE6C00FD8C4E /* Debug */,
				D01506822A0BDE6C00FD8C4E /* Release */,
			);
			defaultConfigurationIsVisible = 0;
			defaultConfigurationName = Release;
		};
		D01506832A0BDE6C00FD8C4E /* Build configuration list for PBXNativeTarget "Hiv2" */ = {
			isa = XCConfigurationList;
			buildConfigurations = (
				D01506842A0BDE6C00FD8C4E /* Debug */,
				D01506852A0BDE6C00FD8C4E /* Release */,
			);
			defaultConfigurationIsVisible = 0;
			defaultConfigurationName = Release;
		};
/* End XCConfigurationList section */

/* Begin XCRemoteSwiftPackageReference section */
		D015068D2A0CAE6500FD8C4E /* XCRemoteSwiftPackageReference "Then" */ = {
			isa = XCRemoteSwiftPackageReference;
			repositoryURL = "https://github.com/devxoul/Then.git";
			requirement = {
				kind = upToNextMajorVersion;
				minimumVersion = 3.0.0;
			};
		};
		D01506902A0CAE7500FD8C4E /* XCRemoteSwiftPackageReference "SnapKit" */ = {
			isa = XCRemoteSwiftPackageReference;
			repositoryURL = "https://github.com/SnapKit/SnapKit";
			requirement = {
				kind = upToNextMajorVersion;
				minimumVersion = 5.0.0;
			};
		};
/* End XCRemoteSwiftPackageReference section */

/* Begin XCSwiftPackageProductDependency section */
		D015068E2A0CAE6500FD8C4E /* Then */ = {
			isa = XCSwiftPackageProductDependency;
			package = D015068D2A0CAE6500FD8C4E /* XCRemoteSwiftPackageReference "Then" */;
			productName = Then;
		};
		D01506912A0CAE7500FD8C4E /* SnapKit */ = {
			isa = XCSwiftPackageProductDependency;
			package = D01506902A0CAE7500FD8C4E /* XCRemoteSwiftPackageReference "SnapKit" */;
			productName = SnapKit;
		};
/* End XCSwiftPackageProductDependency section */
	};
	rootObject = D01506672A0BDE6B00FD8C4E /* Project object */;
}
